// !$*UTF8*$!
{
	archiveVersion = 1;
	classes = {
	};
	objectVersion = 50;
	objects = {

/* Begin PBXBuildFile section */
		088E59C5255E2E0400B4D0B0 /* sanlorenzoApp.swift in Sources */ = {isa = PBXBuildFile; fileRef = 088E59B2255E2E0200B4D0B0 /* sanlorenzoApp.swift */; };
		088E59C6255E2E0400B4D0B0 /* sanlorenzoApp.swift in Sources */ = {isa = PBXBuildFile; fileRef = 088E59B2255E2E0200B4D0B0 /* sanlorenzoApp.swift */; };
		088E59C7255E2E0400B4D0B0 /* ContentView.swift in Sources */ = {isa = PBXBuildFile; fileRef = 088E59B3255E2E0200B4D0B0 /* ContentView.swift */; };
		088E59C8255E2E0400B4D0B0 /* ContentView.swift in Sources */ = {isa = PBXBuildFile; fileRef = 088E59B3255E2E0200B4D0B0 /* ContentView.swift */; };
		088E59C9255E2E0400B4D0B0 /* Assets.xcassets in Resources */ = {isa = PBXBuildFile; fileRef = 088E59B4255E2E0400B4D0B0 /* Assets.xcassets */; };
		088E59CA255E2E0400B4D0B0 /* Assets.xcassets in Resources */ = {isa = PBXBuildFile; fileRef = 088E59B4255E2E0400B4D0B0 /* Assets.xcassets */; };
/* End PBXBuildFile section */

/* Begin PBXFileReference section */
		088E59B2255E2E0200B4D0B0 /* sanlorenzoApp.swift */ = {isa = PBXFileReference; lastKnownFileType = sourcecode.swift; path = sanlorenzoApp.swift; sourceTree = "<group>"; };
		088E59B3255E2E0200B4D0B0 /* ContentView.swift */ = {isa = PBXFileReference; lastKnownFileType = sourcecode.swift; path = ContentView.swift; sourceTree = "<group>"; };
		088E59B4255E2E0400B4D0B0 /* Assets.xcassets */ = {isa = PBXFileReference; lastKnownFileType = folder.assetcatalog; path = Assets.xcassets; sourceTree = "<group>"; };
		088E59B9255E2E0400B4D0B0 /* sanlorenzo.app */ = {isa = PBXFileReference; explicitFileType = wrapper.application; includeInIndex = 0; path = sanlorenzo.app; sourceTree = BUILT_PRODUCTS_DIR; };
		088E59BC255E2E0400B4D0B0 /* Info.plist */ = {isa = PBXFileReference; lastKnownFileType = text.plist.xml; path = Info.plist; sourceTree = "<group>"; };
		088E59C1255E2E0400B4D0B0 /* sanlorenzo.app */ = {isa = PBXFileReference; explicitFileType = wrapper.application; includeInIndex = 0; path = sanlorenzo.app; sourceTree = BUILT_PRODUCTS_DIR; };
		088E59C3255E2E0400B4D0B0 /* Info.plist */ = {isa = PBXFileReference; lastKnownFileType = text.plist.xml; path = Info.plist; sourceTree = "<group>"; };
		088E59C4255E2E0400B4D0B0 /* macOS.entitlements */ = {isa = PBXFileReference; lastKnownFileType = text.plist.entitlements; path = macOS.entitlements; sourceTree = "<group>"; };
/* End PBXFileReference section */

/* Begin PBXFrameworksBuildPhase section */
		088E59B6255E2E0400B4D0B0 /* Frameworks */ = {
			isa = PBXFrameworksBuildPhase;
			buildActionMask = 2147483647;
			files = (
			);
			runOnlyForDeploymentPostprocessing = 0;
		};
		088E59BE255E2E0400B4D0B0 /* Frameworks */ = {
			isa = PBXFrameworksBuildPhase;
			buildActionMask = 2147483647;
			files = (
			);
			runOnlyForDeploymentPostprocessing = 0;
		};
/* End PBXFrameworksBuildPhase section */

/* Begin PBXGroup section */
		088E59AC255E2E0200B4D0B0 = {
			isa = PBXGroup;
			children = (
				088E59B1255E2E0200B4D0B0 /* Shared */,
				088E59BB255E2E0400B4D0B0 /* iOS */,
				088E59C2255E2E0400B4D0B0 /* macOS */,
				088E59BA255E2E0400B4D0B0 /* Products */,
			);
			sourceTree = "<group>";
		};
		088E59B1255E2E0200B4D0B0 /* Shared */ = {
			isa = PBXGroup;
			children = (
				088E59B2255E2E0200B4D0B0 /* sanlorenzoApp.swift */,
				088E59B3255E2E0200B4D0B0 /* ContentView.swift */,
				088E59B4255E2E0400B4D0B0 /* Assets.xcassets */,
			);
			path = Shared;
			sourceTree = "<group>";
		};
		088E59BA255E2E0400B4D0B0 /* Products */ = {
			isa = PBXGroup;
			children = (
				088E59B9255E2E0400B4D0B0 /* sanlorenzo.app */,
				088E59C1255E2E0400B4D0B0 /* sanlorenzo.app */,
			);
			name = Products;
			sourceTree = "<group>";
		};
		088E59BB255E2E0400B4D0B0 /* iOS */ = {
			isa = PBXGroup;
			children = (
				088E59BC255E2E0400B4D0B0 /* Info.plist */,
			);
			path = iOS;
			sourceTree = "<group>";
		};
		088E59C2255E2E0400B4D0B0 /* macOS */ = {
			isa = PBXGroup;
			children = (
				088E59C3255E2E0400B4D0B0 /* Info.plist */,
				088E59C4255E2E0400B4D0B0 /* macOS.entitlements */,
			);
			path = macOS;
			sourceTree = "<group>";
		};
/* End PBXGroup section */

/* Begin PBXNativeTarget section */
		088E59B8255E2E0400B4D0B0 /* sanlorenzo (iOS) */ = {
			isa = PBXNativeTarget;
			buildConfigurationList = 088E59CD255E2E0400B4D0B0 /* Build configuration list for PBXNativeTarget "sanlorenzo (iOS)" */;
			buildPhases = (
				088E59B5255E2E0400B4D0B0 /* Sources */,
				088E59B6255E2E0400B4D0B0 /* Frameworks */,
				088E59B7255E2E0400B4D0B0 /* Resources */,
			);
			buildRules = (
			);
			dependencies = (
			);
			name = "sanlorenzo (iOS)";
			productName = "sanlorenzo (iOS)";
			productReference = 088E59B9255E2E0400B4D0B0 /* sanlorenzo.app */;
			productType = "com.apple.product-type.application";
		};
		088E59C0255E2E0400B4D0B0 /* sanlorenzo (macOS) */ = {
			isa = PBXNativeTarget;
			buildConfigurationList = 088E59D0255E2E0400B4D0B0 /* Build configuration list for PBXNativeTarget "sanlorenzo (macOS)" */;
			buildPhases = (
				088E59BD255E2E0400B4D0B0 /* Sources */,
				088E59BE255E2E0400B4D0B0 /* Frameworks */,
				088E59BF255E2E0400B4D0B0 /* Resources */,
			);
			buildRules = (
			);
			dependencies = (
			);
			name = "sanlorenzo (macOS)";
			productName = "sanlorenzo (macOS)";
			productReference = 088E59C1255E2E0400B4D0B0 /* sanlorenzo.app */;
			productType = "com.apple.product-type.application";
		};
/* End PBXNativeTarget section */

/* Begin PBXProject section */
		088E59AD255E2E0200B4D0B0 /* Project object */ = {
			isa = PBXProject;
			attributes = {
				LastSwiftUpdateCheck = 1220;
				LastUpgradeCheck = 1220;
				TargetAttributes = {
					088E59B8255E2E0400B4D0B0 = {
						CreatedOnToolsVersion = 12.2;
					};
					088E59C0255E2E0400B4D0B0 = {
						CreatedOnToolsVersion = 12.2;
					};
				};
			};
			buildConfigurationList = 088E59B0255E2E0200B4D0B0 /* Build configuration list for PBXProject "sanlorenzo" */;
			compatibilityVersion = "Xcode 9.3";
			developmentRegion = en;
			hasScannedForEncodings = 0;
			knownRegions = (
				en,
				Base,
			);
			mainGroup = 088E59AC255E2E0200B4D0B0;
			productRefGroup = 088E59BA255E2E0400B4D0B0 /* Products */;
			projectDirPath = "";
			projectRoot = "";
			targets = (
				088E59B8255E2E0400B4D0B0 /* sanlorenzo (iOS) */,
				088E59C0255E2E0400B4D0B0 /* sanlorenzo (macOS) */,
			);
		};
/* End PBXProject section */

/* Begin PBXResourcesBuildPhase section */
		088E59B7255E2E0400B4D0B0 /* Resources */ = {
			isa = PBXResourcesBuildPhase;
			buildActionMask = 2147483647;
			files = (
				088E59C9255E2E0400B4D0B0 /* Assets.xcassets in Resources */,
			);
			runOnlyForDeploymentPostprocessing = 0;
		};
		088E59BF255E2E0400B4D0B0 /* Resources */ = {
			isa = PBXResourcesBuildPhase;
			buildActionMask = 2147483647;
			files = (
				088E59CA255E2E0400B4D0B0 /* Assets.xcassets in Resources */,
			);
			runOnlyForDeploymentPostprocessing = 0;
		};
/* End PBXResourcesBuildPhase section */

/* Begin PBXSourcesBuildPhase section */
		088E59B5255E2E0400B4D0B0 /* Sources */ = {
			isa = PBXSourcesBuildPhase;
			buildActionMask = 2147483647;
			files = (
				088E59C7255E2E0400B4D0B0 /* ContentView.swift in Sources */,
				088E59C5255E2E0400B4D0B0 /* sanlorenzoApp.swift in Sources */,
			);
			runOnlyForDeploymentPostprocessing = 0;
		};
		088E59BD255E2E0400B4D0B0 /* Sources */ = {
			isa = PBXSourcesBuildPhase;
			buildActionMask = 2147483647;
			files = (
				088E59C8255E2E0400B4D0B0 /* ContentView.swift in Sources */,
				088E59C6255E2E0400B4D0B0 /* sanlorenzoApp.swift in Sources */,
			);
			runOnlyForDeploymentPostprocessing = 0;
		};
/* End PBXSourcesBuildPhase section */

/* Begin XCBuildConfiguration section */
		088E59CB255E2E0400B4D0B0 /* Debug */ = {
			isa = XCBuildConfiguration;
			buildSettings = {
				ALWAYS_SEARCH_USER_PATHS = NO;
				CLANG_ANALYZER_NONNULL = YES;
				CLANG_ANALYZER_NUMBER_OBJECT_CONVERSION = YES_AGGRESSIVE;
				CLANG_CXX_LANGUAGE_STANDARD = "gnu++14";
				CLANG_CXX_LIBRARY = "libc++";
				CLANG_ENABLE_MODULES = YES;
				CLANG_ENABLE_OBJC_ARC = YES;
				CLANG_ENABLE_OBJC_WEAK = YES;
				CLANG_WARN_BLOCK_CAPTURE_AUTORELEASING = YES;
				CLANG_WARN_BOOL_CONVERSION = YES;
				CLANG_WARN_COMMA = YES;
				CLANG_WARN_CONSTANT_CONVERSION = YES;
				CLANG_WARN_DEPRECATED_OBJC_IMPLEMENTATIONS = YES;
				CLANG_WARN_DIRECT_OBJC_ISA_USAGE = YES_ERROR;
				CLANG_WARN_DOCUMENTATION_COMMENTS = YES;
				CLANG_WARN_EMPTY_BODY = YES;
				CLANG_WARN_ENUM_CONVERSION = YES;
				CLANG_WARN_INFINITE_RECURSION = YES;
				CLANG_WARN_INT_CONVERSION = YES;
				CLANG_WARN_NON_LITERAL_NULL_CONVERSION = YES;
				CLANG_WARN_OBJC_IMPLICIT_RETAIN_SELF = YES;
				CLANG_WARN_OBJC_LITERAL_CONVERSION = YES;
				CLANG_WARN_OBJC_ROOT_CLASS = YES_ERROR;
				CLANG_WARN_QUOTED_INCLUDE_IN_FRAMEWORK_HEADER = YES;
				CLANG_WARN_RANGE_LOOP_ANALYSIS = YES;
				CLANG_WARN_STRICT_PROTOTYPES = YES;
				CLANG_WARN_SUSPICIOUS_MOVE = YES;
				CLANG_WARN_UNGUARDED_AVAILABILITY = YES_AGGRESSIVE;
				CLANG_WARN_UNREACHABLE_CODE = YES;
				CLANG_WARN__DUPLICATE_METHOD_MATCH = YES;
				COPY_PHASE_STRIP = NO;
				DEBUG_INFORMATION_FORMAT = dwarf;
				ENABLE_STRICT_OBJC_MSGSEND = YES;
				ENABLE_TESTABILITY = YES;
				GCC_C_LANGUAGE_STANDARD = gnu11;
				GCC_DYNAMIC_NO_PIC = NO;
				GCC_NO_COMMON_BLOCKS = YES;
				GCC_OPTIMIZATION_LEVEL = 0;
				GCC_PREPROCESSOR_DEFINITIONS = (
					"DEBUG=1",
					"$(inherited)",
				);
				GCC_WARN_64_TO_32_BIT_CONVERSION = YES;
				GCC_WARN_ABOUT_RETURN_TYPE = YES_ERROR;
				GCC_WARN_UNDECLARED_SELECTOR = YES;
				GCC_WARN_UNINITIALIZED_AUTOS = YES_AGGRESSIVE;
				GCC_WARN_UNUSED_FUNCTION = YES;
				GCC_WARN_UNUSED_VARIABLE = YES;
				MTL_ENABLE_DEBUG_INFO = INCLUDE_SOURCE;
				MTL_FAST_MATH = YES;
				ONLY_ACTIVE_ARCH = YES;
				SWIFT_ACTIVE_COMPILATION_CONDITIONS = DEBUG;
				SWIFT_OPTIMIZATION_LEVEL = "-Onone";
			};
			name = Debug;
		};
		088E59CC255E2E0400B4D0B0 /* Release */ = {
			isa = XCBuildConfiguration;
			buildSettings = {
				ALWAYS_SEARCH_USER_PATHS = NO;
				CLANG_ANALYZER_NONNULL = YES;
				CLANG_ANALYZER_NUMBER_OBJECT_CONVERSION = YES_AGGRESSIVE;
				CLANG_CXX_LANGUAGE_STANDARD = "gnu++14";
				CLANG_CXX_LIBRARY = "libc++";
				CLANG_ENABLE_MODULES = YES;
				CLANG_ENABLE_OBJC_ARC = YES;
				CLANG_ENABLE_OBJC_WEAK = YES;
				CLANG_WARN_BLOCK_CAPTURE_AUTORELEASING = YES;
				CLANG_WARN_BOOL_CONVERSION = YES;
				CLANG_WARN_COMMA = YES;
				CLANG_WARN_CONSTANT_CONVERSION = YES;
				CLANG_WARN_DEPRECATED_OBJC_IMPLEMENTATIONS = YES;
				CLANG_WARN_DIRECT_OBJC_ISA_USAGE = YES_ERROR;
				CLANG_WARN_DOCUMENTATION_COMMENTS = YES;
				CLANG_WARN_EMPTY_BODY = YES;
				CLANG_WARN_ENUM_CONVERSION = YES;
				CLANG_WARN_INFINITE_RECURSION = YES;
				CLANG_WARN_INT_CONVERSION = YES;
				CLANG_WARN_NON_LITERAL_NULL_CONVERSION = YES;
				CLANG_WARN_OBJC_IMPLICIT_RETAIN_SELF = YES;
				CLANG_WARN_OBJC_LITERAL_CONVERSION = YES;
				CLANG_WARN_OBJC_ROOT_CLASS = YES_ERROR;
				CLANG_WARN_QUOTED_INCLUDE_IN_FRAMEWORK_HEADER = YES;
				CLANG_WARN_RANGE_LOOP_ANALYSIS = YES;
				CLANG_WARN_STRICT_PROTOTYPES = YES;
				CLANG_WARN_SUSPICIOUS_MOVE = YES;
				CLANG_WARN_UNGUARDED_AVAILABILITY = YES_AGGRESSIVE;
				CLANG_WARN_UNREACHABLE_CODE = YES;
				CLANG_WARN__DUPLICATE_METHOD_MATCH = YES;
				COPY_PHASE_STRIP = NO;
				DEBUG_INFORMATION_FORMAT = "dwarf-with-dsym";
				ENABLE_NS_ASSERTIONS = NO;
				ENABLE_STRICT_OBJC_MSGSEND = YES;
				GCC_C_LANGUAGE_STANDARD = gnu11;
				GCC_NO_COMMON_BLOCKS = YES;
				GCC_WARN_64_TO_32_BIT_CONVERSION = YES;
				GCC_WARN_ABOUT_RETURN_TYPE = YES_ERROR;
				GCC_WARN_UNDECLARED_SELECTOR = YES;
				GCC_WARN_UNINITIALIZED_AUTOS = YES_AGGRESSIVE;
				GCC_WARN_UNUSED_FUNCTION = YES;
				GCC_WARN_UNUSED_VARIABLE = YES;
				MTL_ENABLE_DEBUG_INFO = NO;
				MTL_FAST_MATH = YES;
				SWIFT_COMPILATION_MODE = wholemodule;
				SWIFT_OPTIMIZATION_LEVEL = "-O";
			};
			name = Release;
		};
		088E59CE255E2E0400B4D0B0 /* Debug */ = {
			isa = XCBuildConfiguration;
			buildSettings = {
				ASSETCATALOG_COMPILER_APPICON_NAME = AppIcon;
				ASSETCATALOG_COMPILER_GLOBAL_ACCENT_COLOR_NAME = AccentColor;
				CODE_SIGN_STYLE = Automatic;
				DEVELOPMENT_TEAM = 3865YC2YEY;
				ENABLE_PREVIEWS = YES;
				INFOPLIST_FILE = iOS/Info.plist;
				IPHONEOS_DEPLOYMENT_TARGET = 14.0;
				LD_RUNPATH_SEARCH_PATHS = (
					"$(inherited)",
					"@executable_path/Frameworks",
				);
				PRODUCT_BUNDLE_IDENTIFIER = com.alexanderrohrig.sanlorenzo;
				PRODUCT_NAME = sanlorenzo;
				SDKROOT = iphoneos;
				SWIFT_VERSION = 5.0;
				TARGETED_DEVICE_FAMILY = "1,2";
			};
			name = Debug;
		};
		088E59CF255E2E0400B4D0B0 /* Release */ = {
			isa = XCBuildConfiguration;
			buildSettings = {
				ASSETCATALOG_COMPILER_APPICON_NAME = AppIcon;
				ASSETCATALOG_COMPILER_GLOBAL_ACCENT_COLOR_NAME = AccentColor;
				CODE_SIGN_STYLE = Automatic;
				DEVELOPMENT_TEAM = 3865YC2YEY;
				ENABLE_PREVIEWS = YES;
				INFOPLIST_FILE = iOS/Info.plist;
				IPHONEOS_DEPLOYMENT_TARGET = 14.0;
				LD_RUNPATH_SEARCH_PATHS = (
					"$(inherited)",
					"@executable_path/Frameworks",
				);
				PRODUCT_BUNDLE_IDENTIFIER = com.alexanderrohrig.sanlorenzo;
				PRODUCT_NAME = sanlorenzo;
				SDKROOT = iphoneos;
				SWIFT_VERSION = 5.0;
				TARGETED_DEVICE_FAMILY = "1,2";
				VALIDATE_PRODUCT = YES;
			};
			name = Release;
		};
		088E59D1255E2E0400B4D0B0 /* Debug */ = {
			isa = XCBuildConfiguration;
			buildSettings = {
				ASSETCATALOG_COMPILER_APPICON_NAME = AppIcon;
				ASSETCATALOG_COMPILER_GLOBAL_ACCENT_COLOR_NAME = AccentColor;
				CODE_SIGN_ENTITLEMENTS = macOS/macOS.entitlements;
				CODE_SIGN_STYLE = Automatic;
				COMBINE_HIDPI_IMAGES = YES;
				DEVELOPMENT_TEAM = 3865YC2YEY;
				ENABLE_HARDENED_RUNTIME = YES;
				ENABLE_PREVIEWS = YES;
				INFOPLIST_FILE = macOS/Info.plist;
				LD_RUNPATH_SEARCH_PATHS = (
					"$(inherited)",
					"@executable_path/../Frameworks",
				);
				MACOSX_DEPLOYMENT_TARGET = 11.0;
				PRODUCT_BUNDLE_IDENTIFIER = com.alexanderrohrig.sanlorenzo;
				PRODUCT_NAME = sanlorenzo;
				SDKROOT = macosx;
				SWIFT_VERSION = 5.0;
			};
			name = Debug;
		};
		088E59D2255E2E0400B4D0B0 /* Release */ = {
			isa = XCBuildConfiguration;
			buildSettings = {
				ASSETCATALOG_COMPILER_APPICON_NAME = AppIcon;
				ASSETCATALOG_COMPILER_GLOBAL_ACCENT_COLOR_NAME = AccentColor;
				CODE_SIGN_ENTITLEMENTS = macOS/macOS.entitlements;
				CODE_SIGN_STYLE = Automatic;
				COMBINE_HIDPI_IMAGES = YES;
				DEVELOPMENT_TEAM = 3865YC2YEY;
				ENABLE_HARDENED_RUNTIME = YES;
				ENABLE_PREVIEWS = YES;
				INFOPLIST_FILE = macOS/Info.plist;
				LD_RUNPATH_SEARCH_PATHS = (
					"$(inherited)",
					"@executable_path/../Frameworks",
				);
				MACOSX_DEPLOYMENT_TARGET = 11.0;
				PRODUCT_BUNDLE_IDENTIFIER = com.alexanderrohrig.sanlorenzo;
				PRODUCT_NAME = sanlorenzo;
				SDKROOT = macosx;
				SWIFT_VERSION = 5.0;
			};
			name = Release;
		};
/* End XCBuildConfiguration section */

/* Begin XCConfigurationList section */
		088E59B0255E2E0200B4D0B0 /* Build configuration list for PBXProject "sanlorenzo" */ = {
			isa = XCConfigurationList;
			buildConfigurations = (
				088E59CB255E2E0400B4D0B0 /* Debug */,
				088E59CC255E2E0400B4D0B0 /* Release */,
			);
			defaultConfigurationIsVisible = 0;
			defaultConfigurationName = Release;
		};
		088E59CD255E2E0400B4D0B0 /* Build configuration list for PBXNativeTarget "sanlorenzo (iOS)" */ = {
			isa = XCConfigurationList;
			buildConfigurations = (
				088E59CE255E2E0400B4D0B0 /* Debug */,
				088E59CF255E2E0400B4D0B0 /* Release */,
			);
			defaultConfigurationIsVisible = 0;
			defaultConfigurationName = Release;
		};
		088E59D0255E2E0400B4D0B0 /* Build configuration list for PBXNativeTarget "sanlorenzo (macOS)" */ = {
			isa = XCConfigurationList;
			buildConfigurations = (
				088E59D1255E2E0400B4D0B0 /* Debug */,
				088E59D2255E2E0400B4D0B0 /* Release */,
			);
			defaultConfigurationIsVisible = 0;
			defaultConfigurationName = Release;
		};
/* End XCConfigurationList section */
	};
	rootObject = 088E59AD255E2E0200B4D0B0 /* Project object */;
}
